
Microsoft Visual Studio Solution File, Format Version 12.00
# Visual Studio Version 17
VisualStudioVersion = 17.6.33815.320
MinimumVisualStudioVersion = 10.0.40219.1
Project("{FAE04EC0-301F-11D3-BF4B-00C04F79EFBC}") = "Laboratory", "Laboratory\Laboratory.csproj", "{4BFCE828-DAC0-4734-8A2E-493794C653F9}"
EndProject
Global
	GlobalSection(SolutionConfigurationPlatforms) = preSolution
		Debug|Any CPU = Debug|Any CPU
		Release|Any CPU = Release|Any CPU
	EndGlobalSection
	GlobalSection(ProjectConfigurationPlatforms) = postSolution
		{4BFCE828-DAC0-4734-8A2E-493794C653F9}.Debug|Any CPU.ActiveCfg = Debug|Any CPU
		{4BFCE828-DAC0-4734-8A2E-493794C653F9}.Debug|Any CPU.Build.0 = Debug|Any CPU
		{4BFCE828-DAC0-4734-8A2E-493794C653F9}.Release|Any CPU.ActiveCfg = Release|Any CPU
		{4BFCE828-DAC0-4734-8A2E-493794C653F9}.Release|Any CPU.Build.0 = Release|Any CPU
	EndGlobalSection
	GlobalSection(SolutionProperties) = preSolution
		HideSolutionNode = FALSE
	EndGlobalSection
	GlobalSection(ExtensibilityGlobals) = postSolution
		SolutionGuid = {A4380482-D9F3-48E0-8904-44C93B59FE74}
	EndGlobalSection
EndGlobal
